
Microsoft Visual Studio Solution File, Format Version 12.00
Project("{FAE04EC0-301F-11D3-BF4B-00C04F79EFBC}") = "AdventOfCode2021-1", "AdventOfCode2021-1\AdventOfCode2021-1.csproj", "{9B2BE0E7-C7DB-4319-900A-2874021493D3}"
EndProject
Global
	GlobalSection(SolutionConfigurationPlatforms) = preSolution
		Debug|Any CPU = Debug|Any CPU
		Release|Any CPU = Release|Any CPU
	EndGlobalSection
	GlobalSection(ProjectConfigurationPlatforms) = postSolution
		{9B2BE0E7-C7DB-4319-900A-2874021493D3}.Debug|Any CPU.ActiveCfg = Debug|Any CPU
		{9B2BE0E7-C7DB-4319-900A-2874021493D3}.Debug|Any CPU.Build.0 = Debug|Any CPU
		{9B2BE0E7-C7DB-4319-900A-2874021493D3}.Release|Any CPU.ActiveCfg = Release|Any CPU
		{9B2BE0E7-C7DB-4319-900A-2874021493D3}.Release|Any CPU.Build.0 = Release|Any CPU
	EndGlobalSection
EndGlobal
